
Microsoft Visual Studio Solution File, Format Version 12.00
# Visual Studio Version 17
VisualStudioVersion = 17.7.34221.43
MinimumVisualStudioVersion = 10.0.40219.1
Project("{FAE04EC0-301F-11D3-BF4B-00C04F79EFBC}") = "siraSizde", "siraSizde\siraSizde.csproj", "{BA50D618-6676-4DC4-96B5-AA4ED0AA070D}"
EndProject
Global
	GlobalSection(SolutionConfigurationPlatforms) = preSolution
		Debug|Any CPU = Debug|Any CPU
		Release|Any CPU = Release|Any CPU
	EndGlobalSection
	GlobalSection(ProjectConfigurationPlatforms) = postSolution
		{BA50D618-6676-4DC4-96B5-AA4ED0AA070D}.Debug|Any CPU.ActiveCfg = Debug|Any CPU
		{BA50D618-6676-4DC4-96B5-AA4ED0AA070D}.Debug|Any CPU.Build.0 = Debug|Any CPU
		{BA50D618-6676-4DC4-96B5-AA4ED0AA070D}.Release|Any CPU.ActiveCfg = Release|Any CPU
		{BA50D618-6676-4DC4-96B5-AA4ED0AA070D}.Release|Any CPU.Build.0 = Release|Any CPU
	EndGlobalSection
	GlobalSection(SolutionProperties) = preSolution
		HideSolutionNode = FALSE
	EndGlobalSection
	GlobalSection(ExtensibilityGlobals) = postSolution
		SolutionGuid = {0655A061-CA86-4793-ABE7-4D88F85D7A9D}
	EndGlobalSection
EndGlobal
